
Microsoft Visual Studio Solution File, Format Version 12.00
# Visual Studio Version 17
VisualStudioVersion = 17.0.32112.339
MinimumVisualStudioVersion = 10.0.40219.1
Project("{FAE04EC0-301F-11D3-BF4B-00C04F79EFBC}") = "LeMur", "LeMur\LeMur.csproj", "{0507213E-4232-431E-A5B9-8CE9B92CE521}"
EndProject
Global
	GlobalSection(SolutionConfigurationPlatforms) = preSolution
		Debug|Any CPU = Debug|Any CPU
		Release|Any CPU = Release|Any CPU
	EndGlobalSection
	GlobalSection(ProjectConfigurationPlatforms) = postSolution
		{0507213E-4232-431E-A5B9-8CE9B92CE521}.Debug|Any CPU.ActiveCfg = Debug|Any CPU
		{0507213E-4232-431E-A5B9-8CE9B92CE521}.Debug|Any CPU.Build.0 = Debug|Any CPU
		{0507213E-4232-431E-A5B9-8CE9B92CE521}.Debug|Any CPU.Deploy.0 = Debug|Any CPU
		{0507213E-4232-431E-A5B9-8CE9B92CE521}.Release|Any CPU.ActiveCfg = Release|Any CPU
		{0507213E-4232-431E-A5B9-8CE9B92CE521}.Release|Any CPU.Build.0 = Release|Any CPU
		{0507213E-4232-431E-A5B9-8CE9B92CE521}.Release|Any CPU.Deploy.0 = Release|Any CPU
	EndGlobalSection
	GlobalSection(SolutionProperties) = preSolution
		HideSolutionNode = FALSE
	EndGlobalSection
	GlobalSection(ExtensibilityGlobals) = postSolution
		SolutionGuid = {758E90D4-FFA7-4275-9948-5EC56DCDA1DB}
	EndGlobalSection
EndGlobal
